Microsoft Visual Studio Solution File, Format Version 12.00
# Visual Studio Version 17
VisualStudioVersion = 17.7.34031.279
MinimumVisualStudioVersion = 10.0.40219.1
Project("{FAE04EC0-301F-11D3-BF4B-00C04F79EFBC}") = "PerfectPlacement", "Source\PerfectPlacement.csproj", "{2261D1EA-12CE-1650-475F-760D4680C418}"
EndProject
Global
	GlobalSection(SolutionConfigurationPlatforms) = preSolution
		Debug-1.4|Any CPU = Debug-1.4|Any CPU
		Debug-1.5|Any CPU = Debug-1.5|Any CPU
		Debug-1.6|Any CPU = Debug-1.6|Any CPU
		Release-1.4|Any CPU = Release-1.4|Any CPU
		Release-1.5|Any CPU = Release-1.5|Any CPU
		Release-1.6|Any CPU = Release-1.6|Any CPU
	EndGlobalSection
	GlobalSection(ProjectConfigurationPlatforms) = postSolution
		{2261D1EA-12CE-1650-475F-760D4680C418}.Debug-1.4|Any CPU.ActiveCfg = Debug-1.4|Any CPU
		{2261D1EA-12CE-1650-475F-760D4680C418}.Debug-1.4|Any CPU.Build.0 = Debug-1.4|Any CPU
		{2261D1EA-12CE-1650-475F-760D4680C418}.Debug-1.5|Any CPU.ActiveCfg = Debug-1.5|Any CPU
		{2261D1EA-12CE-1650-475F-760D4680C418}.Debug-1.5|Any CPU.Build.0 = Debug-1.5|Any CPU
		{2261D1EA-12CE-1650-475F-760D4680C418}.Debug-1.6|Any CPU.ActiveCfg = Debug-1.6|Any CPU
		{2261D1EA-12CE-1650-475F-760D4680C418}.Debug-1.6|Any CPU.Build.0 = Debug-1.6|Any CPU
		{2261D1EA-12CE-1650-475F-760D4680C418}.Release-1.4|Any CPU.ActiveCfg = Release-1.4|Any CPU
		{2261D1EA-12CE-1650-475F-760D4680C418}.Release-1.4|Any CPU.Build.0 = Release-1.4|Any CPU
		{2261D1EA-12CE-1650-475F-760D4680C418}.Release-1.5|Any CPU.ActiveCfg = Release-1.5|Any CPU
		{2261D1EA-12CE-1650-475F-760D4680C418}.Release-1.5|Any CPU.Build.0 = Release-1.5|Any CPU
		{2261D1EA-12CE-1650-475F-760D4680C418}.Release-1.6|Any CPU.ActiveCfg = Release-1.6|Any CPU
		{2261D1EA-12CE-1650-475F-760D4680C418}.Release-1.6|Any CPU.Build.0 = Release-1.6|Any CPU
	EndGlobalSection
	GlobalSection(SolutionProperties) = preSolution
		HideSolutionNode = FALSE
	EndGlobalSection
EndGlobal
